
Microsoft Visual Studio Solution File, Format Version 12.00
# Visual Studio Version 16
VisualStudioVersion = 16.0.31313.79
MinimumVisualStudioVersion = 10.0.40219.1
Project("{9A19103F-16F7-4668-BE54-9A1E7A4F7556}") = "RenTradeWindowForm", "RenTradeWindowForm\RenTradeWindowForm.csproj", "{0EDA8631-100E-4F4E-95F7-210CA651B832}"
EndProject
Project("{9A19103F-16F7-4668-BE54-9A1E7A4F7556}") = "DemoWorker", "DemoWorker\DemoWorker.csproj", "{7FEFA23A-4310-4684-9322-CB029D4E5127}"
EndProject
Project("{9A19103F-16F7-4668-BE54-9A1E7A4F7556}") = "RenTradePaoService", "RenTradePaoService\RenTradePaoService.csproj", "{53905111-C85D-4739-B124-A5AC5BA75E9C}"
EndProject
Project("{FAE04EC0-301F-11D3-BF4B-00C04F79EFBC}") = "RegistryGenerator", "RegistryGenerator\RegistryGenerator.csproj", "{A40DF747-0A47-4450-AD75-9EE4AC642C4C}"
EndProject
Global
	GlobalSection(SolutionConfigurationPlatforms) = preSolution
		Debug|Any CPU = Debug|Any CPU
		Release|Any CPU = Release|Any CPU
	EndGlobalSection
	GlobalSection(ProjectConfigurationPlatforms) = postSolution
		{0EDA8631-100E-4F4E-95F7-210CA651B832}.Debug|Any CPU.ActiveCfg = Debug|Any CPU
		{0EDA8631-100E-4F4E-95F7-210CA651B832}.Debug|Any CPU.Build.0 = Debug|Any CPU
		{0EDA8631-100E-4F4E-95F7-210CA651B832}.Release|Any CPU.ActiveCfg = Release|Any CPU
		{0EDA8631-100E-4F4E-95F7-210CA651B832}.Release|Any CPU.Build.0 = Release|Any CPU
		{7FEFA23A-4310-4684-9322-CB029D4E5127}.Debug|Any CPU.ActiveCfg = Debug|Any CPU
		{7FEFA23A-4310-4684-9322-CB029D4E5127}.Debug|Any CPU.Build.0 = Debug|Any CPU
		{7FEFA23A-4310-4684-9322-CB029D4E5127}.Release|Any CPU.ActiveCfg = Release|Any CPU
		{7FEFA23A-4310-4684-9322-CB029D4E5127}.Release|Any CPU.Build.0 = Release|Any CPU
		{53905111-C85D-4739-B124-A5AC5BA75E9C}.Debug|Any CPU.ActiveCfg = Debug|Any CPU
		{53905111-C85D-4739-B124-A5AC5BA75E9C}.Debug|Any CPU.Build.0 = Debug|Any CPU
		{53905111-C85D-4739-B124-A5AC5BA75E9C}.Release|Any CPU.ActiveCfg = Release|Any CPU
		{53905111-C85D-4739-B124-A5AC5BA75E9C}.Release|Any CPU.Build.0 = Release|Any CPU
		{A40DF747-0A47-4450-AD75-9EE4AC642C4C}.Debug|Any CPU.ActiveCfg = Debug|Any CPU
		{A40DF747-0A47-4450-AD75-9EE4AC642C4C}.Debug|Any CPU.Build.0 = Debug|Any CPU
		{A40DF747-0A47-4450-AD75-9EE4AC642C4C}.Release|Any CPU.ActiveCfg = Release|Any CPU
		{A40DF747-0A47-4450-AD75-9EE4AC642C4C}.Release|Any CPU.Build.0 = Release|Any CPU
	EndGlobalSection
	GlobalSection(SolutionProperties) = preSolution
		HideSolutionNode = FALSE
	EndGlobalSection
	GlobalSection(ExtensibilityGlobals) = postSolution
		SolutionGuid = {8225E791-FD64-41B2-91A1-A33FDA3F5F83}
	EndGlobalSection
EndGlobal
